
Microsoft Visual Studio Solution File, Format Version 12.00
# Visual Studio Version 16
VisualStudioVersion = 16.0.30011.22
MinimumVisualStudioVersion = 10.0.40219.1
Project("{9A19103F-16F7-4668-BE54-9A1E7A4F7556}") = "Entatea", "Entatea\Entatea.csproj", "{5C3775D7-938E-4DCF-9E78-D16DA735ECC8}"
EndProject
Project("{9A19103F-16F7-4668-BE54-9A1E7A4F7556}") = "Entatea.InMemory", "Entatea.InMemory\Entatea.InMemory.csproj", "{C711A620-E6D8-4B17-8692-40C0AFDE6678}"
EndProject
Project("{9A19103F-16F7-4668-BE54-9A1E7A4F7556}") = "Entatea.MySql", "Entatea.MySql\Entatea.MySql.csproj", "{2CA0E00D-B669-4B21-94A8-7F884E21122F}"
EndProject
Project("{9A19103F-16F7-4668-BE54-9A1E7A4F7556}") = "Entatea.SqlServer", "Entatea.SqlServer\Entatea.SqlServer.csproj", "{FDDC82F6-C2E8-4DC2-9CA9-A6E3F93693AE}"
EndProject
Project("{9A19103F-16F7-4668-BE54-9A1E7A4F7556}") = "Entatea.Tests", "Entatea.Tests\Entatea.Tests.csproj", "{889E4185-3FAA-4EAE-8979-000621B70D86}"
EndProject
Global
	GlobalSection(SolutionConfigurationPlatforms) = preSolution
		Debug|Any CPU = Debug|Any CPU
		Release|Any CPU = Release|Any CPU
	EndGlobalSection
	GlobalSection(ProjectConfigurationPlatforms) = postSolution
		{5C3775D7-938E-4DCF-9E78-D16DA735ECC8}.Debug|Any CPU.ActiveCfg = Debug|Any CPU
		{5C3775D7-938E-4DCF-9E78-D16DA735ECC8}.Debug|Any CPU.Build.0 = Debug|Any CPU
		{5C3775D7-938E-4DCF-9E78-D16DA735ECC8}.Release|Any CPU.ActiveCfg = Release|Any CPU
		{5C3775D7-938E-4DCF-9E78-D16DA735ECC8}.Release|Any CPU.Build.0 = Release|Any CPU
		{C711A620-E6D8-4B17-8692-40C0AFDE6678}.Debug|Any CPU.ActiveCfg = Debug|Any CPU
		{C711A620-E6D8-4B17-8692-40C0AFDE6678}.Debug|Any CPU.Build.0 = Debug|Any CPU
		{C711A620-E6D8-4B17-8692-40C0AFDE6678}.Release|Any CPU.ActiveCfg = Release|Any CPU
		{C711A620-E6D8-4B17-8692-40C0AFDE6678}.Release|Any CPU.Build.0 = Release|Any CPU
		{2CA0E00D-B669-4B21-94A8-7F884E21122F}.Debug|Any CPU.ActiveCfg = Debug|Any CPU
		{2CA0E00D-B669-4B21-94A8-7F884E21122F}.Debug|Any CPU.Build.0 = Debug|Any CPU
		{2CA0E00D-B669-4B21-94A8-7F884E21122F}.Release|Any CPU.ActiveCfg = Release|Any CPU
		{2CA0E00D-B669-4B21-94A8-7F884E21122F}.Release|Any CPU.Build.0 = Release|Any CPU
		{FDDC82F6-C2E8-4DC2-9CA9-A6E3F93693AE}.Debug|Any CPU.ActiveCfg = Debug|Any CPU
		{FDDC82F6-C2E8-4DC2-9CA9-A6E3F93693AE}.Debug|Any CPU.Build.0 = Debug|Any CPU
		{FDDC82F6-C2E8-4DC2-9CA9-A6E3F93693AE}.Release|Any CPU.ActiveCfg = Release|Any CPU
		{FDDC82F6-C2E8-4DC2-9CA9-A6E3F93693AE}.Release|Any CPU.Build.0 = Release|Any CPU
		{889E4185-3FAA-4EAE-8979-000621B70D86}.Debug|Any CPU.ActiveCfg = Debug|Any CPU
		{889E4185-3FAA-4EAE-8979-000621B70D86}.Debug|Any CPU.Build.0 = Debug|Any CPU
		{889E4185-3FAA-4EAE-8979-000621B70D86}.Release|Any CPU.ActiveCfg = Release|Any CPU
		{889E4185-3FAA-4EAE-8979-000621B70D86}.Release|Any CPU.Build.0 = Release|Any CPU
	EndGlobalSection
	GlobalSection(SolutionProperties) = preSolution
		HideSolutionNode = FALSE
	EndGlobalSection
	GlobalSection(ExtensibilityGlobals) = postSolution
		SolutionGuid = {13C78142-5F80-44CA-B425-EC2E4CB3FEAD}
	EndGlobalSection
EndGlobal
